
Microsoft Visual Studio Solution File, Format Version 12.00
# Visual Studio Version 17
VisualStudioVersion = 17.5.33516.290
MinimumVisualStudioVersion = 10.0.40219.1
Project("{FAE04EC0-301F-11D3-BF4B-00C04F79EFBC}") = "DAL", "DAL\DAL.csproj", "{6C24FC54-E0EA-4E3C-8FBB-BB4113CFBBB5}"
EndProject
Project("{FAE04EC0-301F-11D3-BF4B-00C04F79EFBC}") = "CommonEntity", "CommonEntity\CommonEntity.csproj", "{3B0535B6-9F50-4C7C-BFAF-70A7BE5363DB}"
EndProject
Project("{FAE04EC0-301F-11D3-BF4B-00C04F79EFBC}") = "Repositories", "Repositories\Repositories.csproj", "{13095B4F-47A6-453E-A559-86523A68507B}"
EndProject
Project("{FAE04EC0-301F-11D3-BF4B-00C04F79EFBC}") = "Services", "Services\Services.csproj", "{E891FDAA-3D28-4AAF-AA55-D7FA5FFC0703}"
EndProject
Project("{FAE04EC0-301F-11D3-BF4B-00C04F79EFBC}") = "Edu_API", "Edu_API\Edu_API.csproj", "{EA7D3DB8-AD69-45CD-9189-086BEA95EE1C}"
EndProject
Global
	GlobalSection(SolutionConfigurationPlatforms) = preSolution
		Debug|Any CPU = Debug|Any CPU
		Release|Any CPU = Release|Any CPU
	EndGlobalSection
	GlobalSection(ProjectConfigurationPlatforms) = postSolution
		{6C24FC54-E0EA-4E3C-8FBB-BB4113CFBBB5}.Debug|Any CPU.ActiveCfg = Debug|Any CPU
		{6C24FC54-E0EA-4E3C-8FBB-BB4113CFBBB5}.Debug|Any CPU.Build.0 = Debug|Any CPU
		{6C24FC54-E0EA-4E3C-8FBB-BB4113CFBBB5}.Release|Any CPU.ActiveCfg = Release|Any CPU
		{6C24FC54-E0EA-4E3C-8FBB-BB4113CFBBB5}.Release|Any CPU.Build.0 = Release|Any CPU
		{3B0535B6-9F50-4C7C-BFAF-70A7BE5363DB}.Debug|Any CPU.ActiveCfg = Debug|Any CPU
		{3B0535B6-9F50-4C7C-BFAF-70A7BE5363DB}.Debug|Any CPU.Build.0 = Debug|Any CPU
		{3B0535B6-9F50-4C7C-BFAF-70A7BE5363DB}.Release|Any CPU.ActiveCfg = Release|Any CPU
		{3B0535B6-9F50-4C7C-BFAF-70A7BE5363DB}.Release|Any CPU.Build.0 = Release|Any CPU
		{13095B4F-47A6-453E-A559-86523A68507B}.Debug|Any CPU.ActiveCfg = Debug|Any CPU
		{13095B4F-47A6-453E-A559-86523A68507B}.Debug|Any CPU.Build.0 = Debug|Any CPU
		{13095B4F-47A6-453E-A559-86523A68507B}.Release|Any CPU.ActiveCfg = Release|Any CPU
		{13095B4F-47A6-453E-A559-86523A68507B}.Release|Any CPU.Build.0 = Release|Any CPU
		{E891FDAA-3D28-4AAF-AA55-D7FA5FFC0703}.Debug|Any CPU.ActiveCfg = Debug|Any CPU
		{E891FDAA-3D28-4AAF-AA55-D7FA5FFC0703}.Debug|Any CPU.Build.0 = Debug|Any CPU
		{E891FDAA-3D28-4AAF-AA55-D7FA5FFC0703}.Release|Any CPU.ActiveCfg = Release|Any CPU
		{E891FDAA-3D28-4AAF-AA55-D7FA5FFC0703}.Release|Any CPU.Build.0 = Release|Any CPU
		{EA7D3DB8-AD69-45CD-9189-086BEA95EE1C}.Debug|Any CPU.ActiveCfg = Debug|Any CPU
		{EA7D3DB8-AD69-45CD-9189-086BEA95EE1C}.Debug|Any CPU.Build.0 = Debug|Any CPU
		{EA7D3DB8-AD69-45CD-9189-086BEA95EE1C}.Release|Any CPU.ActiveCfg = Release|Any CPU
		{EA7D3DB8-AD69-45CD-9189-086BEA95EE1C}.Release|Any CPU.Build.0 = Release|Any CPU
	EndGlobalSection
	GlobalSection(SolutionProperties) = preSolution
		HideSolutionNode = FALSE
	EndGlobalSection
	GlobalSection(ExtensibilityGlobals) = postSolution
		SolutionGuid = {978F3453-E7AD-45F6-87F9-5E2C5783829A}
	EndGlobalSection
EndGlobal
